
Microsoft Visual Studio Solution File, Format Version 12.00
# Visual Studio 15
VisualStudioVersion = 15.0.28307.1684
MinimumVisualStudioVersion = 10.0.40219.1
Project("{FAE04EC0-301F-11D3-BF4B-00C04F79EFBC}") = "DivanshiHotel", "WebApplication1\DivanshiHotel.csproj", "{2E5B0BDB-95CA-41A2-B5D9-9CE21A37D154}"
EndProject
Global
	GlobalSection(SolutionConfigurationPlatforms) = preSolution
		Debug|Any CPU = Debug|Any CPU
		Release|Any CPU = Release|Any CPU
	EndGlobalSection
	GlobalSection(ProjectConfigurationPlatforms) = postSolution
		{2E5B0BDB-95CA-41A2-B5D9-9CE21A37D154}.Debug|Any CPU.ActiveCfg = Debug|Any CPU
		{2E5B0BDB-95CA-41A2-B5D9-9CE21A37D154}.Debug|Any CPU.Build.0 = Debug|Any CPU
		{2E5B0BDB-95CA-41A2-B5D9-9CE21A37D154}.Release|Any CPU.ActiveCfg = Release|Any CPU
		{2E5B0BDB-95CA-41A2-B5D9-9CE21A37D154}.Release|Any CPU.Build.0 = Release|Any CPU
	EndGlobalSection
	GlobalSection(SolutionProperties) = preSolution
		HideSolutionNode = FALSE
	EndGlobalSection
	GlobalSection(ExtensibilityGlobals) = postSolution
		SolutionGuid = {74572FE1-800B-44A9-AC21-DEF2216029C0}
	EndGlobalSection
EndGlobal
